// !$*UTF8*$!
{
	archiveVersion = 1;
	classes = {
	};
	objectVersion = 50;
	objects = {

/* Begin PBXBuildFile section */
		34633EFB264D66AF008445CE /* Calculate_TipsApp.swift in Sources */ = {isa = PBXBuildFile; fileRef = 34633EFA264D66AF008445CE /* Calculate_TipsApp.swift */; };
		34633EFD264D66AF008445CE /* ContentView.swift in Sources */ = {isa = PBXBuildFile; fileRef = 34633EFC264D66AF008445CE /* ContentView.swift */; };
		34633EFF264D66B1008445CE /* Assets.xcassets in Resources */ = {isa = PBXBuildFile; fileRef = 34633EFE264D66B1008445CE /* Assets.xcassets */; };
		34633F02264D66B1008445CE /* Preview Assets.xcassets in Resources */ = {isa = PBXBuildFile; fileRef = 34633F01264D66B1008445CE /* Preview Assets.xcassets */; };
		34633F0D264D66B1008445CE /* Calculate_TipsTests.swift in Sources */ = {isa = PBXBuildFile; fileRef = 34633F0C264D66B1008445CE /* Calculate_TipsTests.swift */; };
		34633F18264D66B1008445CE /* Calculate_TipsUITests.swift in Sources */ = {isa = PBXBuildFile; fileRef = 34633F17264D66B1008445CE /* Calculate_TipsUITests.swift */; };
		34633F25264D6C8D008445CE /* ContentView.swift in Sources */ = {isa = PBXBuildFile; fileRef = 34633EFC264D66AF008445CE /* ContentView.swift */; };
		34633F26264D6C8E008445CE /* ContentView.swift in Sources */ = {isa = PBXBuildFile; fileRef = 34633EFC264D66AF008445CE /* ContentView.swift */; };
/* End PBXBuildFile section */

/* Begin PBXContainerItemProxy section */
		34633F09264D66B1008445CE /* PBXContainerItemProxy */ = {
			isa = PBXContainerItemProxy;
			containerPortal = 34633EEF264D66AE008445CE /* Project object */;
			proxyType = 1;
			remoteGlobalIDString = 34633EF6264D66AF008445CE;
			remoteInfo = "Calculate Tips";
		};
		34633F14264D66B1008445CE /* PBXContainerItemProxy */ = {
			isa = PBXContainerItemProxy;
			containerPortal = 34633EEF264D66AE008445CE /* Project object */;
			proxyType = 1;
			remoteGlobalIDString = 34633EF6264D66AF008445CE;
			remoteInfo = "Calculate Tips";
		};
/* End PBXContainerItemProxy section */

/* Begin PBXFileReference section */
		34633EF7264D66AF008445CE /* Calculate Tips.app */ = {isa = PBXFileReference; explicitFileType = wrapper.application; includeInIndex = 0; path = "Calculate Tips.app"; sourceTree = BUILT_PRODUCTS_DIR; };
		34633EFA264D66AF008445CE /* Calculate_TipsApp.swift */ = {isa = PBXFileReference; lastKnownFileType = sourcecode.swift; path = Calculate_TipsApp.swift; sourceTree = "<group>"; };
		34633EFC264D66AF008445CE /* ContentView.swift */ = {isa = PBXFileReference; lastKnownFileType = sourcecode.swift; path = ContentView.swift; sourceTree = "<group>"; };
		34633EFE264D66B1008445CE /* Assets.xcassets */ = {isa = PBXFileReference; lastKnownFileType = folder.assetcatalog; path = Assets.xcassets; sourceTree = "<group>"; };
		34633F01264D66B1008445CE /* Preview Assets.xcassets */ = {isa = PBXFileReference; lastKnownFileType = folder.assetcatalog; path = "Preview Assets.xcassets"; sourceTree = "<group>"; };
		34633F03264D66B1008445CE /* Info.plist */ = {isa = PBXFileReference; lastKnownFileType = text.plist.xml; path = Info.plist; sourceTree = "<group>"; };
		34633F08264D66B1008445CE /* Calculate TipsTests.xctest */ = {isa = PBXFileReference; explicitFileType = wrapper.cfbundle; includeInIndex = 0; path = "Calculate TipsTests.xctest"; sourceTree = BUILT_PRODUCTS_DIR; };
		34633F0C264D66B1008445CE /* Calculate_TipsTests.swift */ = {isa = PBXFileReference; lastKnownFileType = sourcecode.swift; path = Calculate_TipsTests.swift; sourceTree = "<group>"; };
		34633F0E264D66B1008445CE /* Info.plist */ = {isa = PBXFileReference; lastKnownFileType = text.plist.xml; path = Info.plist; sourceTree = "<group>"; };
		34633F13264D66B1008445CE /* Calculate TipsUITests.xctest */ = {isa = PBXFileReference; explicitFileType = wrapper.cfbundle; includeInIndex = 0; path = "Calculate TipsUITests.xctest"; sourceTree = BUILT_PRODUCTS_DIR; };
		34633F17264D66B1008445CE /* Calculate_TipsUITests.swift */ = {isa = PBXFileReference; lastKnownFileType = sourcecode.swift; path = Calculate_TipsUITests.swift; sourceTree = "<group>"; };
		34633F19264D66B1008445CE /* Info.plist */ = {isa = PBXFileReference; lastKnownFileType = text.plist.xml; path = Info.plist; sourceTree = "<group>"; };
/* End PBXFileReference section */

/* Begin PBXFrameworksBuildPhase section */
		34633EF4264D66AF008445CE /* Frameworks */ = {
			isa = PBXFrameworksBuildPhase;
			buildActionMask = 2147483647;
			files = (
			);
			runOnlyForDeploymentPostprocessing = 0;
		};
		34633F05264D66B1008445CE /* Frameworks */ = {
			isa = PBXFrameworksBuildPhase;
			buildActionMask = 2147483647;
			files = (
			);
			runOnlyForDeploymentPostprocessing = 0;
		};
		34633F10264D66B1008445CE /* Frameworks */ = {
			isa = PBXFrameworksBuildPhase;
			buildActionMask = 2147483647;
			files = (
			);
			runOnlyForDeploymentPostprocessing = 0;
		};
/* End PBXFrameworksBuildPhase section */

/* Begin PBXGroup section */
		34633EEE264D66AE008445CE = {
			isa = PBXGroup;
			children = (
				34633EF9264D66AF008445CE /* Calculate Tips */,
				34633F0B264D66B1008445CE /* Calculate TipsTests */,
				34633F16264D66B1008445CE /* Calculate TipsUITests */,
				34633EF8264D66AF008445CE /* Products */,
			);
			sourceTree = "<group>";
		};
		34633EF8264D66AF008445CE /* Products */ = {
			isa = PBXGroup;
			children = (
				34633EF7264D66AF008445CE /* Calculate Tips.app */,
				34633F08264D66B1008445CE /* Calculate TipsTests.xctest */,
				34633F13264D66B1008445CE /* Calculate TipsUITests.xctest */,
			);
			name = Products;
			sourceTree = "<group>";
		};
		34633EF9264D66AF008445CE /* Calculate Tips */ = {
			isa = PBXGroup;
			children = (
				34633EFA264D66AF008445CE /* Calculate_TipsApp.swift */,
				34633EFC264D66AF008445CE /* ContentView.swift */,
				34633EFE264D66B1008445CE /* Assets.xcassets */,
				34633F03264D66B1008445CE /* Info.plist */,
				34633F00264D66B1008445CE /* Preview Content */,
			);
			path = "Calculate Tips";
			sourceTree = "<group>";
		};
		34633F00264D66B1008445CE /* Preview Content */ = {
			isa = PBXGroup;
			children = (
				34633F01264D66B1008445CE /* Preview Assets.xcassets */,
			);
			path = "Preview Content";
			sourceTree = "<group>";
		};
		34633F0B264D66B1008445CE /* Calculate TipsTests */ = {
			isa = PBXGroup;
			children = (
				34633F0C264D66B1008445CE /* Calculate_TipsTests.swift */,
				34633F0E264D66B1008445CE /* Info.plist */,
			);
			path = "Calculate TipsTests";
			sourceTree = "<group>";
		};
		34633F16264D66B1008445CE /* Calculate TipsUITests */ = {
			isa = PBXGroup;
			children = (
				34633F17264D66B1008445CE /* Calculate_TipsUITests.swift */,
				34633F19264D66B1008445CE /* Info.plist */,
			);
			path = "Calculate TipsUITests";
			sourceTree = "<group>";
		};
/* End PBXGroup section */

/* Begin PBXNativeTarget section */
		34633EF6264D66AF008445CE /* Calculate Tips */ = {
			isa = PBXNativeTarget;
			buildConfigurationList = 34633F1C264D66B1008445CE /* Build configuration list for PBXNativeTarget "Calculate Tips" */;
			buildPhases = (
				34633EF3264D66AF008445CE /* Sources */,
				34633EF4264D66AF008445CE /* Frameworks */,
				34633EF5264D66AF008445CE /* Resources */,
			);
			buildRules = (
			);
			dependencies = (
			);
			name = "Calculate Tips";
			productName = "Calculate Tips";
			productReference = 34633EF7264D66AF008445CE /* Calculate Tips.app */;
			productType = "com.apple.product-type.application";
		};
		34633F07264D66B1008445CE /* Calculate TipsTests */ = {
			isa = PBXNativeTarget;
			buildConfigurationList = 34633F1F264D66B1008445CE /* Build configuration list for PBXNativeTarget "Calculate TipsTests" */;
			buildPhases = (
				34633F04264D66B1008445CE /* Sources */,
				34633F05264D66B1008445CE /* Frameworks */,
				34633F06264D66B1008445CE /* Resources */,
			);
			buildRules = (
			);
			dependencies = (
				34633F0A264D66B1008445CE /* PBXTargetDependency */,
			);
			name = "Calculate TipsTests";
			productName = "Calculate TipsTests";
			productReference = 34633F08264D66B1008445CE /* Calculate TipsTests.xctest */;
			productType = "com.apple.product-type.bundle.unit-test";
		};
		34633F12264D66B1008445CE /* Calculate TipsUITests */ = {
			isa = PBXNativeTarget;
			buildConfigurationList = 34633F22264D66B1008445CE /* Build configuration list for PBXNativeTarget "Calculate TipsUITests" */;
			buildPhases = (
				34633F0F264D66B1008445CE /* Sources */,
				34633F10264D66B1008445CE /* Frameworks */,
				34633F11264D66B1008445CE /* Resources */,
			);
			buildRules = (
			);
			dependencies = (
				34633F15264D66B1008445CE /* PBXTargetDependency */,
			);
			name = "Calculate TipsUITests";
			productName = "Calculate TipsUITests";
			productReference = 34633F13264D66B1008445CE /* Calculate TipsUITests.xctest */;
			productType = "com.apple.product-type.bundle.ui-testing";
		};
/* End PBXNativeTarget section */

/* Begin PBXProject section */
		34633EEF264D66AE008445CE /* Project object */ = {
			isa = PBXProject;
			attributes = {
				LastSwiftUpdateCheck = 1250;
				LastUpgradeCheck = 1250;
				TargetAttributes = {
					34633EF6264D66AF008445CE = {
						CreatedOnToolsVersion = 12.5;
					};
					34633F07264D66B1008445CE = {
						CreatedOnToolsVersion = 12.5;
						TestTargetID = 34633EF6264D66AF008445CE;
					};
					34633F12264D66B1008445CE = {
						CreatedOnToolsVersion = 12.5;
						TestTargetID = 34633EF6264D66AF008445CE;
					};
				};
			};
			buildConfigurationList = 34633EF2264D66AE008445CE /* Build configuration list for PBXProject "Calculate Tips" */;
			compatibilityVersion = "Xcode 9.3";
			developmentRegion = en;
			hasScannedForEncodings = 0;
			knownRegions = (
				en,
				Base,
			);
			mainGroup = 34633EEE264D66AE008445CE;
			productRefGroup = 34633EF8264D66AF008445CE /* Products */;
			projectDirPath = "";
			projectRoot = "";
			targets = (
				34633EF6264D66AF008445CE /* Calculate Tips */,
				34633F07264D66B1008445CE /* Calculate TipsTests */,
				34633F12264D66B1008445CE /* Calculate TipsUITests */,
			);
		};
/* End PBXProject section */

/* Begin PBXResourcesBuildPhase section */
		34633EF5264D66AF008445CE /* Resources */ = {
			isa = PBXResourcesBuildPhase;
			buildActionMask = 2147483647;
			files = (
				34633F02264D66B1008445CE /* Preview Assets.xcassets in Resources */,
				34633EFF264D66B1008445CE /* Assets.xcassets in Resources */,
			);
			runOnlyForDeploymentPostprocessing = 0;
		};
		34633F06264D66B1008445CE /* Resources */ = {
			isa = PBXResourcesBuildPhase;
			buildActionMask = 2147483647;
			files = (
			);
			runOnlyForDeploymentPostprocessing = 0;
		};
		34633F11264D66B1008445CE /* Resources */ = {
			isa = PBXResourcesBuildPhase;
			buildActionMask = 2147483647;
			files = (
			);
			runOnlyForDeploymentPostprocessing = 0;
		};
/* End PBXResourcesBuildPhase section */

/* Begin PBXSourcesBuildPhase section */
		34633EF3264D66AF008445CE /* Sources */ = {
			isa = PBXSourcesBuildPhase;
			buildActionMask = 2147483647;
			files = (
				34633EFD264D66AF008445CE /* ContentView.swift in Sources */,
				34633EFB264D66AF008445CE /* Calculate_TipsApp.swift in Sources */,
			);
			runOnlyForDeploymentPostprocessing = 0;
		};
		34633F04264D66B1008445CE /* Sources */ = {
			isa = PBXSourcesBuildPhase;
			buildActionMask = 2147483647;
			files = (
				34633F25264D6C8D008445CE /* ContentView.swift in Sources */,
				34633F0D264D66B1008445CE /* Calculate_TipsTests.swift in Sources */,
			);
			runOnlyForDeploymentPostprocessing = 0;
		};
		34633F0F264D66B1008445CE /* Sources */ = {
			isa = PBXSourcesBuildPhase;
			buildActionMask = 2147483647;
			files = (
				34633F26264D6C8E008445CE /* ContentView.swift in Sources */,
				34633F18264D66B1008445CE /* Calculate_TipsUITests.swift in Sources */,
			);
			runOnlyForDeploymentPostprocessing = 0;
		};
/* End PBXSourcesBuildPhase section */

/* Begin PBXTargetDependency section */
		34633F0A264D66B1008445CE /* PBXTargetDependency */ = {
			isa = PBXTargetDependency;
			target = 34633EF6264D66AF008445CE /* Calculate Tips */;
			targetProxy = 34633F09264D66B1008445CE /* PBXContainerItemProxy */;
		};
		34633F15264D66B1008445CE /* PBXTargetDependency */ = {
			isa = PBXTargetDependency;
			target = 34633EF6264D66AF008445CE /* Calculate Tips */;
			targetProxy = 34633F14264D66B1008445CE /* PBXContainerItemProxy */;
		};
/* End PBXTargetDependency section */

/* Begin XCBuildConfiguration section */
		34633F1A264D66B1008445CE /* Debug */ = {
			isa = XCBuildConfiguration;
			buildSettings = {
				ALWAYS_SEARCH_USER_PATHS = NO;
				CLANG_ANALYZER_NONNULL = YES;
				CLANG_ANALYZER_NUMBER_OBJECT_CONVERSION = YES_AGGRESSIVE;
				CLANG_CXX_LANGUAGE_STANDARD = "gnu++14";
				CLANG_CXX_LIBRARY = "libc++";
				CLANG_ENABLE_MODULES = YES;
				CLANG_ENABLE_OBJC_ARC = YES;
				CLANG_ENABLE_OBJC_WEAK = YES;
				CLANG_WARN_BLOCK_CAPTURE_AUTORELEASING = YES;
				CLANG_WARN_BOOL_CONVERSION = YES;
				CLANG_WARN_COMMA = YES;
				CLANG_WARN_CONSTANT_CONVERSION = YES;
				CLANG_WARN_DEPRECATED_OBJC_IMPLEMENTATIONS = YES;
				CLANG_WARN_DIRECT_OBJC_ISA_USAGE = YES_ERROR;
				CLANG_WARN_DOCUMENTATION_COMMENTS = YES;
				CLANG_WARN_EMPTY_BODY = YES;
				CLANG_WARN_ENUM_CONVERSION = YES;
				CLANG_WARN_INFINITE_RECURSION = YES;
				CLANG_WARN_INT_CONVERSION = YES;
				CLANG_WARN_NON_LITERAL_NULL_CONVERSION = YES;
				CLANG_WARN_OBJC_IMPLICIT_RETAIN_SELF = YES;
				CLANG_WARN_OBJC_LITERAL_CONVERSION = YES;
				CLANG_WARN_OBJC_ROOT_CLASS = YES_ERROR;
				CLANG_WARN_QUOTED_INCLUDE_IN_FRAMEWORK_HEADER = YES;
				CLANG_WARN_RANGE_LOOP_ANALYSIS = YES;
				CLANG_WARN_STRICT_PROTOTYPES = YES;
				CLANG_WARN_SUSPICIOUS_MOVE = YES;
				CLANG_WARN_UNGUARDED_AVAILABILITY = YES_AGGRESSIVE;
				CLANG_WARN_UNREACHABLE_CODE = YES;
				CLANG_WARN__DUPLICATE_METHOD_MATCH = YES;
				COPY_PHASE_STRIP = NO;
				DEBUG_INFORMATION_FORMAT = dwarf;
				ENABLE_STRICT_OBJC_MSGSEND = YES;
				ENABLE_TESTABILITY = YES;
				GCC_C_LANGUAGE_STANDARD = gnu11;
				GCC_DYNAMIC_NO_PIC = NO;
				GCC_NO_COMMON_BLOCKS = YES;
				GCC_OPTIMIZATION_LEVEL = 0;
				GCC_PREPROCESSOR_DEFINITIONS = (
					"DEBUG=1",
					"$(inherited)",
				);
				GCC_WARN_64_TO_32_BIT_CONVERSION = YES;
				GCC_WARN_ABOUT_RETURN_TYPE = YES_ERROR;
				GCC_WARN_UNDECLARED_SELECTOR = YES;
				GCC_WARN_UNINITIALIZED_AUTOS = YES_AGGRESSIVE;
				GCC_WARN_UNUSED_FUNCTION = YES;
				GCC_WARN_UNUSED_VARIABLE = YES;
				IPHONEOS_DEPLOYMENT_TARGET = 14.5;
				MTL_ENABLE_DEBUG_INFO = INCLUDE_SOURCE;
				MTL_FAST_MATH = YES;
				ONLY_ACTIVE_ARCH = YES;
				SDKROOT = iphoneos;
				SWIFT_ACTIVE_COMPILATION_CONDITIONS = DEBUG;
				SWIFT_OPTIMIZATION_LEVEL = "-Onone";
			};
			name = Debug;
		};
		34633F1B264D66B1008445CE /* Release */ = {
			isa = XCBuildConfiguration;
			buildSettings = {
				ALWAYS_SEARCH_USER_PATHS = NO;
				CLANG_ANALYZER_NONNULL = YES;
				CLANG_ANALYZER_NUMBER_OBJECT_CONVERSION = YES_AGGRESSIVE;
				CLANG_CXX_LANGUAGE_STANDARD = "gnu++14";
				CLANG_CXX_LIBRARY = "libc++";
				CLANG_ENABLE_MODULES = YES;
				CLANG_ENABLE_OBJC_ARC = YES;
				CLANG_ENABLE_OBJC_WEAK = YES;
				CLANG_WARN_BLOCK_CAPTURE_AUTORELEASING = YES;
				CLANG_WARN_BOOL_CONVERSION = YES;
				CLANG_WARN_COMMA = YES;
				CLANG_WARN_CONSTANT_CONVERSION = YES;
				CLANG_WARN_DEPRECATED_OBJC_IMPLEMENTATIONS = YES;
				CLANG_WARN_DIRECT_OBJC_ISA_USAGE = YES_ERROR;
				CLANG_WARN_DOCUMENTATION_COMMENTS = YES;
				CLANG_WARN_EMPTY_BODY = YES;
				CLANG_WARN_ENUM_CONVERSION = YES;
				CLANG_WARN_INFINITE_RECURSION = YES;
				CLANG_WARN_INT_CONVERSION = YES;
				CLANG_WARN_NON_LITERAL_NULL_CONVERSION = YES;
				CLANG_WARN_OBJC_IMPLICIT_RETAIN_SELF = YES;
				CLANG_WARN_OBJC_LITERAL_CONVERSION = YES;
				CLANG_WARN_OBJC_ROOT_CLASS = YES_ERROR;
				CLANG_WARN_QUOTED_INCLUDE_IN_FRAMEWORK_HEADER = YES;
				CLANG_WARN_RANGE_LOOP_ANALYSIS = YES;
				CLANG_WARN_STRICT_PROTOTYPES = YES;
				CLANG_WARN_SUSPICIOUS_MOVE = YES;
				CLANG_WARN_UNGUARDED_AVAILABILITY = YES_AGGRESSIVE;
				CLANG_WARN_UNREACHABLE_CODE = YES;
				CLANG_WARN__DUPLICATE_METHOD_MATCH = YES;
				COPY_PHASE_STRIP = NO;
				DEBUG_INFORMATION_FORMAT = "dwarf-with-dsym";
				ENABLE_NS_ASSERTIONS = NO;
				ENABLE_STRICT_OBJC_MSGSEND = YES;
				GCC_C_LANGUAGE_STANDARD = gnu11;
				GCC_NO_COMMON_BLOCKS = YES;
				GCC_WARN_64_TO_32_BIT_CONVERSION = YES;
				GCC_WARN_ABOUT_RETURN_TYPE = YES_ERROR;
				GCC_WARN_UNDECLARED_SELECTOR = YES;
				GCC_WARN_UNINITIALIZED_AUTOS = YES_AGGRESSIVE;
				GCC_WARN_UNUSED_FUNCTION = YES;
				GCC_WARN_UNUSED_VARIABLE = YES;
				IPHONEOS_DEPLOYMENT_TARGET = 14.5;
				MTL_ENABLE_DEBUG_INFO = NO;
				MTL_FAST_MATH = YES;
				SDKROOT = iphoneos;
				SWIFT_COMPILATION_MODE = wholemodule;
				SWIFT_OPTIMIZATION_LEVEL = "-O";
				VALIDATE_PRODUCT = YES;
			};
			name = Release;
		};
		34633F1D264D66B1008445CE /* Debug */ = {
			isa = XCBuildConfiguration;
			buildSettings = {
				ASSETCATALOG_COMPILER_APPICON_NAME = AppIcon;
				ASSETCATALOG_COMPILER_GLOBAL_ACCENT_COLOR_NAME = AccentColor;
				CODE_SIGN_STYLE = Automatic;
				DEVELOPMENT_ASSET_PATHS = "\"Calculate Tips/Preview Content\"";
				DEVELOPMENT_TEAM = FL2D5B4MBB;
				ENABLE_PREVIEWS = YES;
				INFOPLIST_FILE = "Calculate Tips/Info.plist";
				IPHONEOS_DEPLOYMENT_TARGET = 14.0;
				LD_RUNPATH_SEARCH_PATHS = (
					"$(inherited)",
					"@executable_path/Frameworks",
				);
				PRODUCT_BUNDLE_IDENTIFIER = "IshitaNarsiker.Calculate-Tips";
				PRODUCT_NAME = "$(TARGET_NAME)";
				SWIFT_VERSION = 5.0;
				TARGETED_DEVICE_FAMILY = "1,2";
			};
			name = Debug;
		};
		34633F1E264D66B1008445CE /* Release */ = {
			isa = XCBuildConfiguration;
			buildSettings = {
				ASSETCATALOG_COMPILER_APPICON_NAME = AppIcon;
				ASSETCATALOG_COMPILER_GLOBAL_ACCENT_COLOR_NAME = AccentColor;
				CODE_SIGN_STYLE = Automatic;
				DEVELOPMENT_ASSET_PATHS = "\"Calculate Tips/Preview Content\"";
				DEVELOPMENT_TEAM = FL2D5B4MBB;
				ENABLE_PREVIEWS = YES;
				INFOPLIST_FILE = "Calculate Tips/Info.plist";
				IPHONEOS_DEPLOYMENT_TARGET = 14.0;
				LD_RUNPATH_SEARCH_PATHS = (
					"$(inherited)",
					"@executable_path/Frameworks",
				);
				PRODUCT_BUNDLE_IDENTIFIER = "IshitaNarsiker.Calculate-Tips";
				PRODUCT_NAME = "$(TARGET_NAME)";
				SWIFT_VERSION = 5.0;
				TARGETED_DEVICE_FAMILY = "1,2";
			};
			name = Release;
		};
		34633F20264D66B1008445CE /* Debug */ = {
			isa = XCBuildConfiguration;
			buildSettings = {
				ALWAYS_EMBED_SWIFT_STANDARD_LIBRARIES = YES;
				BUNDLE_LOADER = "$(TEST_HOST)";
				CODE_SIGN_STYLE = Automatic;
				INFOPLIST_FILE = "Calculate TipsTests/Info.plist";
				IPHONEOS_DEPLOYMENT_TARGET = 14.0;
				LD_RUNPATH_SEARCH_PATHS = (
					"$(inherited)",
					"@executable_path/Frameworks",
					"@loader_path/Frameworks",
				);
				PRODUCT_BUNDLE_IDENTIFIER = "IshitaNarsiker.Calculate-TipsTests";
				PRODUCT_NAME = "$(TARGET_NAME)";
				SWIFT_VERSION = 5.0;
				TARGETED_DEVICE_FAMILY = "1,2";
				TEST_HOST = "$(BUILT_PRODUCTS_DIR)/Calculate Tips.app/Calculate Tips";
			};
			name = Debug;
		};
		34633F21264D66B1008445CE /* Release */ = {
			isa = XCBuildConfiguration;
			buildSettings = {
				ALWAYS_EMBED_SWIFT_STANDARD_LIBRARIES = YES;
				BUNDLE_LOADER = "$(TEST_HOST)";
				CODE_SIGN_STYLE = Automatic;
				INFOPLIST_FILE = "Calculate TipsTests/Info.plist";
				IPHONEOS_DEPLOYMENT_TARGET = 14.0;
				LD_RUNPATH_SEARCH_PATHS = (
					"$(inherited)",
					"@executable_path/Frameworks",
					"@loader_path/Frameworks",
				);
				PRODUCT_BUNDLE_IDENTIFIER = "IshitaNarsiker.Calculate-TipsTests";
				PRODUCT_NAME = "$(TARGET_NAME)";
				SWIFT_VERSION = 5.0;
				TARGETED_DEVICE_FAMILY = "1,2";
				TEST_HOST = "$(BUILT_PRODUCTS_DIR)/Calculate Tips.app/Calculate Tips";
			};
			name = Release;
		};
		34633F23264D66B1008445CE /* Debug */ = {
			isa = XCBuildConfiguration;
			buildSettings = {
				ALWAYS_EMBED_SWIFT_STANDARD_LIBRARIES = YES;
				CODE_SIGN_STYLE = Automatic;
				INFOPLIST_FILE = "Calculate TipsUITests/Info.plist";
				LD_RUNPATH_SEARCH_PATHS = (
					"$(inherited)",
					"@executable_path/Frameworks",
					"@loader_path/Frameworks",
				);
				PRODUCT_BUNDLE_IDENTIFIER = "IshitaNarsiker.Calculate-TipsUITests";
				PRODUCT_NAME = "$(TARGET_NAME)";
				SWIFT_VERSION = 5.0;
				TARGETED_DEVICE_FAMILY = "1,2";
				TEST_TARGET_NAME = "Calculate Tips";
			};
			name = Debug;
		};
		34633F24264D66B1008445CE /* Release */ = {
			isa = XCBuildConfiguration;
			buildSettings = {
				ALWAYS_EMBED_SWIFT_STANDARD_LIBRARIES = YES;
				CODE_SIGN_STYLE = Automatic;
				INFOPLIST_FILE = "Calculate TipsUITests/Info.plist";
				LD_RUNPATH_SEARCH_PATHS = (
					"$(inherited)",
					"@executable_path/Frameworks",
					"@loader_path/Frameworks",
				);
				PRODUCT_BUNDLE_IDENTIFIER = "IshitaNarsiker.Calculate-TipsUITests";
				PRODUCT_NAME = "$(TARGET_NAME)";
				SWIFT_VERSION = 5.0;
				TARGETED_DEVICE_FAMILY = "1,2";
				TEST_TARGET_NAME = "Calculate Tips";
			};
			name = Release;
		};
/* End XCBuildConfiguration section */

/* Begin XCConfigurationList section */
		34633EF2264D66AE008445CE /* Build configuration list for PBXProject "Calculate Tips" */ = {
			isa = XCConfigurationList;
			buildConfigurations = (
				34633F1A264D66B1008445CE /* Debug */,
				34633F1B264D66B1008445CE /* Release */,
			);
			defaultConfigurationIsVisible = 0;
			defaultConfigurationName = Release;
		};
		34633F1C264D66B1008445CE /* Build configuration list for PBXNativeTarget "Calculate Tips" */ = {
			isa = XCConfigurationList;
			buildConfigurations = (
				34633F1D264D66B1008445CE /* Debug */,
				34633F1E264D66B1008445CE /* Release */,
			);
			defaultConfigurationIsVisible = 0;
			defaultConfigurationName = Release;
		};
		34633F1F264D66B1008445CE /* Build configuration list for PBXNativeTarget "Calculate TipsTests" */ = {
			isa = XCConfigurationList;
			buildConfigurations = (
				34633F20264D66B1008445CE /* Debug */,
				34633F21264D66B1008445CE /* Release */,
			);
			defaultConfigurationIsVisible = 0;
			defaultConfigurationName = Release;
		};
		34633F22264D66B1008445CE /* Build configuration list for PBXNativeTarget "Calculate TipsUITests" */ = {
			isa = XCConfigurationList;
			buildConfigurations = (
				34633F23264D66B1008445CE /* Debug */,
				34633F24264D66B1008445CE /* Release */,
			);
			defaultConfigurationIsVisible = 0;
			defaultConfigurationName = Release;
		};
/* End XCConfigurationList section */
	};
	rootObject = 34633EEF264D66AE008445CE /* Project object */;
}
